
Microsoft Visual Studio Solution File, Format Version 12.00
# Visual Studio Version 17
VisualStudioVersion = 17.0.31903.59
MinimumVisualStudioVersion = 10.0.40219.1
Project("{2150E333-8FDC-42A3-9474-1A3956D46DE8}") = "src", "src", "{827E0CD3-B72D-47B6-A68D-7590B98EB39B}"
EndProject
Project("{FAE04EC0-301F-11D3-BF4B-00C04F79EFBC}") = "Graphify.CSharp.Core", "src\Graphify.CSharp.Core\Graphify.CSharp.Core.csproj", "{01E514E3-C557-4530-BCCF-0527877DF882}"
EndProject
Project("{FAE04EC0-301F-11D3-BF4B-00C04F79EFBC}") = "Graphify.CSharp.Roslyn", "src\Graphify.CSharp.Roslyn\Graphify.CSharp.Roslyn.csproj", "{CD4DCBBE-8D6E-42BE-AC79-87B71820A605}"
EndProject
Project("{FAE04EC0-301F-11D3-BF4B-00C04F79EFBC}") = "Graphify.CSharp.Cli", "src\Graphify.CSharp.Cli\Graphify.CSharp.Cli.csproj", "{CE83B6F2-B1B9-4709-B65A-9C5C0BC132B8}"
EndProject
Project("{FAE04EC0-301F-11D3-BF4B-00C04F79EFBC}") = "Graphify.CSharp.Mcp", "src\Graphify.CSharp.Mcp\Graphify.CSharp.Mcp.csproj", "{C59FE897-26AD-45BB-80BD-203C7F811F9B}"
EndProject
Project("{2150E333-8FDC-42A3-9474-1A3956D46DE8}") = "tests", "tests", "{0AB3BF05-4346-4AA6-1389-037BE0695223}"
EndProject
Project("{FAE04EC0-301F-11D3-BF4B-00C04F79EFBC}") = "Graphify.CSharp.Tests", "tests\Graphify.CSharp.Tests\Graphify.CSharp.Tests.csproj", "{4CC95151-7E34-4F53-9586-F0F62AB8B504}"
EndProject
Project("{FAE04EC0-301F-11D3-BF4B-00C04F79EFBC}") = "Graphify.CSharp.Web", "src\Graphify.CSharp.Web\Graphify.CSharp.Web.csproj", "{D4D4E2EC-E50D-4296-B8DF-EC1B1F288119}"
EndProject
Global
	GlobalSection(SolutionConfigurationPlatforms) = preSolution
		Debug|Any CPU = Debug|Any CPU
		Debug|x64 = Debug|x64
		Debug|x86 = Debug|x86
		Release|Any CPU = Release|Any CPU
		Release|x64 = Release|x64
		Release|x86 = Release|x86
	EndGlobalSection
	GlobalSection(ProjectConfigurationPlatforms) = postSolution
		{01E514E3-C557-4530-BCCF-0527877DF882}.Debug|Any CPU.ActiveCfg = Debug|Any CPU
		{01E514E3-C557-4530-BCCF-0527877DF882}.Debug|Any CPU.Build.0 = Debug|Any CPU
		{01E514E3-C557-4530-BCCF-0527877DF882}.Debug|x64.ActiveCfg = Debug|Any CPU
		{01E514E3-C557-4530-BCCF-0527877DF882}.Debug|x64.Build.0 = Debug|Any CPU
		{01E514E3-C557-4530-BCCF-0527877DF882}.Debug|x86.ActiveCfg = Debug|Any CPU
		{01E514E3-C557-4530-BCCF-0527877DF882}.Debug|x86.Build.0 = Debug|Any CPU
		{01E514E3-C557-4530-BCCF-0527877DF882}.Release|Any CPU.ActiveCfg = Release|Any CPU
		{01E514E3-C557-4530-BCCF-0527877DF882}.Release|Any CPU.Build.0 = Release|Any CPU
		{01E514E3-C557-4530-BCCF-0527877DF882}.Release|x64.ActiveCfg = Release|Any CPU
		{01E514E3-C557-4530-BCCF-0527877DF882}.Release|x64.Build.0 = Release|Any CPU
		{01E514E3-C557-4530-BCCF-0527877DF882}.Release|x86.ActiveCfg = Release|Any CPU
		{01E514E3-C557-4530-BCCF-0527877DF882}.Release|x86.Build.0 = Release|Any CPU
		{CD4DCBBE-8D6E-42BE-AC79-87B71820A605}.Debug|Any CPU.ActiveCfg = Debug|Any CPU
		{CD4DCBBE-8D6E-42BE-AC79-87B71820A605}.Debug|Any CPU.Build.0 = Debug|Any CPU
		{CD4DCBBE-8D6E-42BE-AC79-87B71820A605}.Debug|x64.ActiveCfg = Debug|Any CPU
		{CD4DCBBE-8D6E-42BE-AC79-87B71820A605}.Debug|x64.Build.0 = Debug|Any CPU
		{CD4DCBBE-8D6E-42BE-AC79-87B71820A605}.Debug|x86.ActiveCfg = Debug|Any CPU
		{CD4DCBBE-8D6E-42BE-AC79-87B71820A605}.Debug|x86.Build.0 = Debug|Any CPU
		{CD4DCBBE-8D6E-42BE-AC79-87B71820A605}.Release|Any CPU.ActiveCfg = Release|Any CPU
		{CD4DCBBE-8D6E-42BE-AC79-87B71820A605}.Release|Any CPU.Build.0 = Release|Any CPU
		{CD4DCBBE-8D6E-42BE-AC79-87B71820A605}.Release|x64.ActiveCfg = Release|Any CPU
		{CD4DCBBE-8D6E-42BE-AC79-87B71820A605}.Release|x64.Build.0 = Release|Any CPU
		{CD4DCBBE-8D6E-42BE-AC79-87B71820A605}.Release|x86.ActiveCfg = Release|Any CPU
		{CD4DCBBE-8D6E-42BE-AC79-87B71820A605}.Release|x86.Build.0 = Release|Any CPU
		{CE83B6F2-B1B9-4709-B65A-9C5C0BC132B8}.Debug|Any CPU.ActiveCfg = Debug|Any CPU
		{CE83B6F2-B1B9-4709-B65A-9C5C0BC132B8}.Debug|Any CPU.Build.0 = Debug|Any CPU
		{CE83B6F2-B1B9-4709-B65A-9C5C0BC132B8}.Debug|x64.ActiveCfg = Debug|Any CPU
		{CE83B6F2-B1B9-4709-B65A-9C5C0BC132B8}.Debug|x64.Build.0 = Debug|Any CPU
		{CE83B6F2-B1B9-4709-B65A-9C5C0BC132B8}.Debug|x86.ActiveCfg = Debug|Any CPU
		{CE83B6F2-B1B9-4709-B65A-9C5C0BC132B8}.Debug|x86.Build.0 = Debug|Any CPU
		{CE83B6F2-B1B9-4709-B65A-9C5C0BC132B8}.Release|Any CPU.ActiveCfg = Release|Any CPU
		{CE83B6F2-B1B9-4709-B65A-9C5C0BC132B8}.Release|Any CPU.Build.0 = Release|Any CPU
		{CE83B6F2-B1B9-4709-B65A-9C5C0BC132B8}.Release|x64.ActiveCfg = Release|Any CPU
		{CE83B6F2-B1B9-4709-B65A-9C5C0BC132B8}.Release|x64.Build.0 = Release|Any CPU
		{CE83B6F2-B1B9-4709-B65A-9C5C0BC132B8}.Release|x86.ActiveCfg = Release|Any CPU
		{CE83B6F2-B1B9-4709-B65A-9C5C0BC132B8}.Release|x86.Build.0 = Release|Any CPU
		{C59FE897-26AD-45BB-80BD-203C7F811F9B}.Debug|Any CPU.ActiveCfg = Debug|Any CPU
		{C59FE897-26AD-45BB-80BD-203C7F811F9B}.Debug|Any CPU.Build.0 = Debug|Any CPU
		{C59FE897-26AD-45BB-80BD-203C7F811F9B}.Debug|x64.ActiveCfg = Debug|Any CPU
		{C59FE897-26AD-45BB-80BD-203C7F811F9B}.Debug|x64.Build.0 = Debug|Any CPU
		{C59FE897-26AD-45BB-80BD-203C7F811F9B}.Debug|x86.ActiveCfg = Debug|Any CPU
		{C59FE897-26AD-45BB-80BD-203C7F811F9B}.Debug|x86.Build.0 = Debug|Any CPU
		{C59FE897-26AD-45BB-80BD-203C7F811F9B}.Release|Any CPU.ActiveCfg = Release|Any CPU
		{C59FE897-26AD-45BB-80BD-203C7F811F9B}.Release|Any CPU.Build.0 = Release|Any CPU
		{C59FE897-26AD-45BB-80BD-203C7F811F9B}.Release|x64.ActiveCfg = Release|Any CPU
		{C59FE897-26AD-45BB-80BD-203C7F811F9B}.Release|x64.Build.0 = Release|Any CPU
		{C59FE897-26AD-45BB-80BD-203C7F811F9B}.Release|x86.ActiveCfg = Release|Any CPU
		{C59FE897-26AD-45BB-80BD-203C7F811F9B}.Release|x86.Build.0 = Release|Any CPU
		{4CC95151-7E34-4F53-9586-F0F62AB8B504}.Debug|Any CPU.ActiveCfg = Debug|Any CPU
		{4CC95151-7E34-4F53-9586-F0F62AB8B504}.Debug|Any CPU.Build.0 = Debug|Any CPU
		{4CC95151-7E34-4F53-9586-F0F62AB8B504}.Debug|x64.ActiveCfg = Debug|Any CPU
		{4CC95151-7E34-4F53-9586-F0F62AB8B504}.Debug|x64.Build.0 = Debug|Any CPU
		{4CC95151-7E34-4F53-9586-F0F62AB8B504}.Debug|x86.ActiveCfg = Debug|Any CPU
		{4CC95151-7E34-4F53-9586-F0F62AB8B504}.Debug|x86.Build.0 = Debug|Any CPU
		{4CC95151-7E34-4F53-9586-F0F62AB8B504}.Release|Any CPU.ActiveCfg = Release|Any CPU
		{4CC95151-7E34-4F53-9586-F0F62AB8B504}.Release|Any CPU.Build.0 = Release|Any CPU
		{4CC95151-7E34-4F53-9586-F0F62AB8B504}.Release|x64.ActiveCfg = Release|Any CPU
		{4CC95151-7E34-4F53-9586-F0F62AB8B504}.Release|x64.Build.0 = Release|Any CPU
		{4CC95151-7E34-4F53-9586-F0F62AB8B504}.Release|x86.ActiveCfg = Release|Any CPU
		{4CC95151-7E34-4F53-9586-F0F62AB8B504}.Release|x86.Build.0 = Release|Any CPU
		{D4D4E2EC-E50D-4296-B8DF-EC1B1F288119}.Debug|Any CPU.ActiveCfg = Debug|Any CPU
		{D4D4E2EC-E50D-4296-B8DF-EC1B1F288119}.Debug|Any CPU.Build.0 = Debug|Any CPU
		{D4D4E2EC-E50D-4296-B8DF-EC1B1F288119}.Debug|x64.ActiveCfg = Debug|Any CPU
		{D4D4E2EC-E50D-4296-B8DF-EC1B1F288119}.Debug|x64.Build.0 = Debug|Any CPU
		{D4D4E2EC-E50D-4296-B8DF-EC1B1F288119}.Debug|x86.ActiveCfg = Debug|Any CPU
		{D4D4E2EC-E50D-4296-B8DF-EC1B1F288119}.Debug|x86.Build.0 = Debug|Any CPU
		{D4D4E2EC-E50D-4296-B8DF-EC1B1F288119}.Release|Any CPU.ActiveCfg = Release|Any CPU
		{D4D4E2EC-E50D-4296-B8DF-EC1B1F288119}.Release|Any CPU.Build.0 = Release|Any CPU
		{D4D4E2EC-E50D-4296-B8DF-EC1B1F288119}.Release|x64.ActiveCfg = Release|Any CPU
		{D4D4E2EC-E50D-4296-B8DF-EC1B1F288119}.Release|x64.Build.0 = Release|Any CPU
		{D4D4E2EC-E50D-4296-B8DF-EC1B1F288119}.Release|x86.ActiveCfg = Release|Any CPU
		{D4D4E2EC-E50D-4296-B8DF-EC1B1F288119}.Release|x86.Build.0 = Release|Any CPU
	EndGlobalSection
	GlobalSection(SolutionProperties) = preSolution
		HideSolutionNode = FALSE
	EndGlobalSection
	GlobalSection(NestedProjects) = preSolution
		{01E514E3-C557-4530-BCCF-0527877DF882} = {827E0CD3-B72D-47B6-A68D-7590B98EB39B}
		{CD4DCBBE-8D6E-42BE-AC79-87B71820A605} = {827E0CD3-B72D-47B6-A68D-7590B98EB39B}
		{CE83B6F2-B1B9-4709-B65A-9C5C0BC132B8} = {827E0CD3-B72D-47B6-A68D-7590B98EB39B}
		{C59FE897-26AD-45BB-80BD-203C7F811F9B} = {827E0CD3-B72D-47B6-A68D-7590B98EB39B}
		{4CC95151-7E34-4F53-9586-F0F62AB8B504} = {0AB3BF05-4346-4AA6-1389-037BE0695223}
		{D4D4E2EC-E50D-4296-B8DF-EC1B1F288119} = {827E0CD3-B72D-47B6-A68D-7590B98EB39B}
	EndGlobalSection
EndGlobal
