
Microsoft Visual Studio Solution File, Format Version 12.00
# Visual Studio Version 17
VisualStudioVersion = 17.0.31903.59
MinimumVisualStudioVersion = 10.0.40219.1
Project("{FAE04EC0-301F-11D3-BF4B-00C04F79EFBC}") = "SampleApp.Domain", "SampleApp.Domain\SampleApp.Domain.csproj", "{81686522-1386-4D8D-B694-F1349B597DE9}"
EndProject
Project("{FAE04EC0-301F-11D3-BF4B-00C04F79EFBC}") = "SampleApp.Services", "SampleApp.Services\SampleApp.Services.csproj", "{24EFEF5A-2E8E-4D5A-ABF4-64BF544B093C}"
EndProject
Project("{FAE04EC0-301F-11D3-BF4B-00C04F79EFBC}") = "SampleApp.Host", "SampleApp.Host\SampleApp.Host.csproj", "{6066B317-694C-4089-BEC9-25D6E4AE1683}"
EndProject
Global
	GlobalSection(SolutionConfigurationPlatforms) = preSolution
		Debug|Any CPU = Debug|Any CPU
		Debug|x64 = Debug|x64
		Debug|x86 = Debug|x86
		Release|Any CPU = Release|Any CPU
		Release|x64 = Release|x64
		Release|x86 = Release|x86
	EndGlobalSection
	GlobalSection(ProjectConfigurationPlatforms) = postSolution
		{81686522-1386-4D8D-B694-F1349B597DE9}.Debug|Any CPU.ActiveCfg = Debug|Any CPU
		{81686522-1386-4D8D-B694-F1349B597DE9}.Debug|Any CPU.Build.0 = Debug|Any CPU
		{81686522-1386-4D8D-B694-F1349B597DE9}.Debug|x64.ActiveCfg = Debug|Any CPU
		{81686522-1386-4D8D-B694-F1349B597DE9}.Debug|x64.Build.0 = Debug|Any CPU
		{81686522-1386-4D8D-B694-F1349B597DE9}.Debug|x86.ActiveCfg = Debug|Any CPU
		{81686522-1386-4D8D-B694-F1349B597DE9}.Debug|x86.Build.0 = Debug|Any CPU
		{81686522-1386-4D8D-B694-F1349B597DE9}.Release|Any CPU.ActiveCfg = Release|Any CPU
		{81686522-1386-4D8D-B694-F1349B597DE9}.Release|Any CPU.Build.0 = Release|Any CPU
		{81686522-1386-4D8D-B694-F1349B597DE9}.Release|x64.ActiveCfg = Release|Any CPU
		{81686522-1386-4D8D-B694-F1349B597DE9}.Release|x64.Build.0 = Release|Any CPU
		{81686522-1386-4D8D-B694-F1349B597DE9}.Release|x86.ActiveCfg = Release|Any CPU
		{81686522-1386-4D8D-B694-F1349B597DE9}.Release|x86.Build.0 = Release|Any CPU
		{24EFEF5A-2E8E-4D5A-ABF4-64BF544B093C}.Debug|Any CPU.ActiveCfg = Debug|Any CPU
		{24EFEF5A-2E8E-4D5A-ABF4-64BF544B093C}.Debug|Any CPU.Build.0 = Debug|Any CPU
		{24EFEF5A-2E8E-4D5A-ABF4-64BF544B093C}.Debug|x64.ActiveCfg = Debug|Any CPU
		{24EFEF5A-2E8E-4D5A-ABF4-64BF544B093C}.Debug|x64.Build.0 = Debug|Any CPU
		{24EFEF5A-2E8E-4D5A-ABF4-64BF544B093C}.Debug|x86.ActiveCfg = Debug|Any CPU
		{24EFEF5A-2E8E-4D5A-ABF4-64BF544B093C}.Debug|x86.Build.0 = Debug|Any CPU
		{24EFEF5A-2E8E-4D5A-ABF4-64BF544B093C}.Release|Any CPU.ActiveCfg = Release|Any CPU
		{24EFEF5A-2E8E-4D5A-ABF4-64BF544B093C}.Release|Any CPU.Build.0 = Release|Any CPU
		{24EFEF5A-2E8E-4D5A-ABF4-64BF544B093C}.Release|x64.ActiveCfg = Release|Any CPU
		{24EFEF5A-2E8E-4D5A-ABF4-64BF544B093C}.Release|x64.Build.0 = Release|Any CPU
		{24EFEF5A-2E8E-4D5A-ABF4-64BF544B093C}.Release|x86.ActiveCfg = Release|Any CPU
		{24EFEF5A-2E8E-4D5A-ABF4-64BF544B093C}.Release|x86.Build.0 = Release|Any CPU
		{6066B317-694C-4089-BEC9-25D6E4AE1683}.Debug|Any CPU.ActiveCfg = Debug|Any CPU
		{6066B317-694C-4089-BEC9-25D6E4AE1683}.Debug|Any CPU.Build.0 = Debug|Any CPU
		{6066B317-694C-4089-BEC9-25D6E4AE1683}.Debug|x64.ActiveCfg = Debug|Any CPU
		{6066B317-694C-4089-BEC9-25D6E4AE1683}.Debug|x64.Build.0 = Debug|Any CPU
		{6066B317-694C-4089-BEC9-25D6E4AE1683}.Debug|x86.ActiveCfg = Debug|Any CPU
		{6066B317-694C-4089-BEC9-25D6E4AE1683}.Debug|x86.Build.0 = Debug|Any CPU
		{6066B317-694C-4089-BEC9-25D6E4AE1683}.Release|Any CPU.ActiveCfg = Release|Any CPU
		{6066B317-694C-4089-BEC9-25D6E4AE1683}.Release|Any CPU.Build.0 = Release|Any CPU
		{6066B317-694C-4089-BEC9-25D6E4AE1683}.Release|x64.ActiveCfg = Release|Any CPU
		{6066B317-694C-4089-BEC9-25D6E4AE1683}.Release|x64.Build.0 = Release|Any CPU
		{6066B317-694C-4089-BEC9-25D6E4AE1683}.Release|x86.ActiveCfg = Release|Any CPU
		{6066B317-694C-4089-BEC9-25D6E4AE1683}.Release|x86.Build.0 = Release|Any CPU
	EndGlobalSection
	GlobalSection(SolutionProperties) = preSolution
		HideSolutionNode = FALSE
	EndGlobalSection
EndGlobal
